// !$*UTF8*$!
{
	archiveVersion = 1;
	classes = {
	};
	objectVersion = 50;
	objects = {

/* Begin PBXBuildFile section */
		F02C370C26CC8DF90008836C /* AddressCell.swift in Sources */ = {isa = PBXBuildFile; fileRef = F02C370B26CC8DF90008836C /* AddressCell.swift */; };
		F038C91C26C623E000AA1CB3 /* AppDelegate.swift in Sources */ = {isa = PBXBuildFile; fileRef = F038C91B26C623E000AA1CB3 /* AppDelegate.swift */; };
		F038C91E26C623E000AA1CB3 /* SceneDelegate.swift in Sources */ = {isa = PBXBuildFile; fileRef = F038C91D26C623E000AA1CB3 /* SceneDelegate.swift */; };
		F038C92526C623E500AA1CB3 /* Assets.xcassets in Resources */ = {isa = PBXBuildFile; fileRef = F038C92426C623E500AA1CB3 /* Assets.xcassets */; };
		F038C92826C623E500AA1CB3 /* LaunchScreen.storyboard in Resources */ = {isa = PBXBuildFile; fileRef = F038C92626C623E500AA1CB3 /* LaunchScreen.storyboard */; };
		F038C93326C6268100AA1CB3 /* RidesListViewController.swift in Sources */ = {isa = PBXBuildFile; fileRef = F038C93226C6268100AA1CB3 /* RidesListViewController.swift */; };
		F038C93B26C62E3C00AA1CB3 /* RideCheckerApiClient.swift in Sources */ = {isa = PBXBuildFile; fileRef = F038C93A26C62E3C00AA1CB3 /* RideCheckerApiClient.swift */; };
		F038C94026C631E800AA1CB3 /* DataManager.swift in Sources */ = {isa = PBXBuildFile; fileRef = F038C93F26C631E800AA1CB3 /* DataManager.swift */; };
		F038C94326C6330300AA1CB3 /* RidesDataModel.swift in Sources */ = {isa = PBXBuildFile; fileRef = F038C94226C6330300AA1CB3 /* RidesDataModel.swift */; };
		F038C94726C63CC800AA1CB3 /* StringExtensions.swift in Sources */ = {isa = PBXBuildFile; fileRef = F038C94626C63CC800AA1CB3 /* StringExtensions.swift */; };
		F039C91726CB678B00193D1C /* WayPointTableViewCell.swift in Sources */ = {isa = PBXBuildFile; fileRef = F039C91626CB678B00193D1C /* WayPointTableViewCell.swift */; };
		F039C91A26CB6AE400193D1C /* UIView+Extension.swift in Sources */ = {isa = PBXBuildFile; fileRef = F039C91926CB6AE400193D1C /* UIView+Extension.swift */; };
		F08CC31226C83B7F00DF5530 /* RidesListView.swift in Sources */ = {isa = PBXBuildFile; fileRef = F08CC31126C83B7F00DF5530 /* RidesListView.swift */; };
		F08CC31626C8428300DF5530 /* RidesTableViewCell.swift in Sources */ = {isa = PBXBuildFile; fileRef = F08CC31526C8428300DF5530 /* RidesTableViewCell.swift */; };
		F08CC31B26C84CF500DF5530 /* RidesTableViewHeaderView.swift in Sources */ = {isa = PBXBuildFile; fileRef = F08CC31A26C84CF500DF5530 /* RidesTableViewHeaderView.swift */; };
		F08CC32226C991B900DF5530 /* RideDetailsView.swift in Sources */ = {isa = PBXBuildFile; fileRef = F08CC32126C991B900DF5530 /* RideDetailsView.swift */; };
		F08CC32526C991D600DF5530 /* RideDetailsViewController.swift in Sources */ = {isa = PBXBuildFile; fileRef = F08CC32426C991D600DF5530 /* RideDetailsViewController.swift */; };
/* End PBXBuildFile section */

/* Begin PBXFileReference section */
		F02C370B26CC8DF90008836C /* AddressCell.swift */ = {isa = PBXFileReference; lastKnownFileType = sourcecode.swift; path = AddressCell.swift; sourceTree = "<group>"; };
		F038C91826C623E000AA1CB3 /* RideChecker.app */ = {isa = PBXFileReference; explicitFileType = wrapper.application; includeInIndex = 0; path = RideChecker.app; sourceTree = BUILT_PRODUCTS_DIR; };
		F038C91B26C623E000AA1CB3 /* AppDelegate.swift */ = {isa = PBXFileReference; lastKnownFileType = sourcecode.swift; path = AppDelegate.swift; sourceTree = "<group>"; };
		F038C91D26C623E000AA1CB3 /* SceneDelegate.swift */ = {isa = PBXFileReference; lastKnownFileType = sourcecode.swift; path = SceneDelegate.swift; sourceTree = "<group>"; };
		F038C92426C623E500AA1CB3 /* Assets.xcassets */ = {isa = PBXFileReference; lastKnownFileType = folder.assetcatalog; path = Assets.xcassets; sourceTree = "<group>"; };
		F038C92726C623E500AA1CB3 /* Base */ = {isa = PBXFileReference; lastKnownFileType = file.storyboard; name = Base; path = Base.lproj/LaunchScreen.storyboard; sourceTree = "<group>"; };
		F038C92926C623E500AA1CB3 /* Info.plist */ = {isa = PBXFileReference; lastKnownFileType = text.plist.xml; path = Info.plist; sourceTree = "<group>"; };
		F038C93226C6268100AA1CB3 /* RidesListViewController.swift */ = {isa = PBXFileReference; lastKnownFileType = sourcecode.swift; path = RidesListViewController.swift; sourceTree = "<group>"; };
		F038C93A26C62E3C00AA1CB3 /* RideCheckerApiClient.swift */ = {isa = PBXFileReference; lastKnownFileType = sourcecode.swift; path = RideCheckerApiClient.swift; sourceTree = "<group>"; };
		F038C93F26C631E800AA1CB3 /* DataManager.swift */ = {isa = PBXFileReference; lastKnownFileType = sourcecode.swift; path = DataManager.swift; sourceTree = "<group>"; };
		F038C94226C6330300AA1CB3 /* RidesDataModel.swift */ = {isa = PBXFileReference; lastKnownFileType = sourcecode.swift; path = RidesDataModel.swift; sourceTree = "<group>"; };
		F038C94626C63CC800AA1CB3 /* StringExtensions.swift */ = {isa = PBXFileReference; lastKnownFileType = sourcecode.swift; path = StringExtensions.swift; sourceTree = "<group>"; };
		F039C91626CB678B00193D1C /* WayPointTableViewCell.swift */ = {isa = PBXFileReference; lastKnownFileType = sourcecode.swift; path = WayPointTableViewCell.swift; sourceTree = "<group>"; };
		F039C91926CB6AE400193D1C /* UIView+Extension.swift */ = {isa = PBXFileReference; lastKnownFileType = sourcecode.swift; path = "UIView+Extension.swift"; sourceTree = "<group>"; };
		F08CC31126C83B7F00DF5530 /* RidesListView.swift */ = {isa = PBXFileReference; lastKnownFileType = sourcecode.swift; path = RidesListView.swift; sourceTree = "<group>"; };
		F08CC31526C8428300DF5530 /* RidesTableViewCell.swift */ = {isa = PBXFileReference; lastKnownFileType = sourcecode.swift; path = RidesTableViewCell.swift; sourceTree = "<group>"; };
		F08CC31A26C84CF500DF5530 /* RidesTableViewHeaderView.swift */ = {isa = PBXFileReference; lastKnownFileType = sourcecode.swift; path = RidesTableViewHeaderView.swift; sourceTree = "<group>"; };
		F08CC32126C991B900DF5530 /* RideDetailsView.swift */ = {isa = PBXFileReference; lastKnownFileType = sourcecode.swift; path = RideDetailsView.swift; sourceTree = "<group>"; };
		F08CC32426C991D600DF5530 /* RideDetailsViewController.swift */ = {isa = PBXFileReference; lastKnownFileType = sourcecode.swift; path = RideDetailsViewController.swift; sourceTree = "<group>"; };
/* End PBXFileReference section */

/* Begin PBXFrameworksBuildPhase section */
		F038C91526C623E000AA1CB3 /* Frameworks */ = {
			isa = PBXFrameworksBuildPhase;
			buildActionMask = 2147483647;
			files = (
			);
			runOnlyForDeploymentPostprocessing = 0;
		};
/* End PBXFrameworksBuildPhase section */

/* Begin PBXGroup section */
		F038C90F26C623E000AA1CB3 = {
			isa = PBXGroup;
			children = (
				F038C91A26C623E000AA1CB3 /* RideChecker */,
				F038C91926C623E000AA1CB3 /* Products */,
			);
			sourceTree = "<group>";
		};
		F038C91926C623E000AA1CB3 /* Products */ = {
			isa = PBXGroup;
			children = (
				F038C91826C623E000AA1CB3 /* RideChecker.app */,
			);
			name = Products;
			sourceTree = "<group>";
		};
		F038C91A26C623E000AA1CB3 /* RideChecker */ = {
			isa = PBXGroup;
			children = (
				F038C94526C63C9B00AA1CB3 /* Extensions */,
				F038C93826C62DB800AA1CB3 /* NetworkHelpers */,
				F038C93726C62DAE00AA1CB3 /* Models */,
				F038C93626C62DA700AA1CB3 /* Views */,
				F038C93526C62D9900AA1CB3 /* Controllers */,
				F038C91B26C623E000AA1CB3 /* AppDelegate.swift */,
				F038C91D26C623E000AA1CB3 /* SceneDelegate.swift */,
				F038C92426C623E500AA1CB3 /* Assets.xcassets */,
				F038C92626C623E500AA1CB3 /* LaunchScreen.storyboard */,
				F038C92926C623E500AA1CB3 /* Info.plist */,
			);
			path = RideChecker;
			sourceTree = "<group>";
		};
		F038C93526C62D9900AA1CB3 /* Controllers */ = {
			isa = PBXGroup;
			children = (
				F038C93226C6268100AA1CB3 /* RidesListViewController.swift */,
				F08CC32426C991D600DF5530 /* RideDetailsViewController.swift */,
			);
			path = Controllers;
			sourceTree = "<group>";
		};
		F038C93626C62DA700AA1CB3 /* Views */ = {
			isa = PBXGroup;
			children = (
				F08CC31926C84CCE00DF5530 /* HeaderViews */,
				F08CC31426C8426300DF5530 /* Cells */,
				F08CC31126C83B7F00DF5530 /* RidesListView.swift */,
				F08CC32126C991B900DF5530 /* RideDetailsView.swift */,
			);
			path = Views;
			sourceTree = "<group>";
		};
		F038C93726C62DAE00AA1CB3 /* Models */ = {
			isa = PBXGroup;
			children = (
				F038C94226C6330300AA1CB3 /* RidesDataModel.swift */,
			);
			path = Models;
			sourceTree = "<group>";
		};
		F038C93826C62DB800AA1CB3 /* NetworkHelpers */ = {
			isa = PBXGroup;
			children = (
				F038C93A26C62E3C00AA1CB3 /* RideCheckerApiClient.swift */,
				F038C93F26C631E800AA1CB3 /* DataManager.swift */,
			);
			path = NetworkHelpers;
			sourceTree = "<group>";
		};
		F038C94526C63C9B00AA1CB3 /* Extensions */ = {
			isa = PBXGroup;
			children = (
				F038C94626C63CC800AA1CB3 /* StringExtensions.swift */,
				F039C91926CB6AE400193D1C /* UIView+Extension.swift */,
			);
			path = Extensions;
			sourceTree = "<group>";
		};
		F08CC31426C8426300DF5530 /* Cells */ = {
			isa = PBXGroup;
			children = (
				F08CC31526C8428300DF5530 /* RidesTableViewCell.swift */,
				F039C91626CB678B00193D1C /* WayPointTableViewCell.swift */,
				F02C370B26CC8DF90008836C /* AddressCell.swift */,
			);
			path = Cells;
			sourceTree = "<group>";
		};
		F08CC31926C84CCE00DF5530 /* HeaderViews */ = {
			isa = PBXGroup;
			children = (
				F08CC31A26C84CF500DF5530 /* RidesTableViewHeaderView.swift */,
			);
			path = HeaderViews;
			sourceTree = "<group>";
		};
/* End PBXGroup section */

/* Begin PBXNativeTarget section */
		F038C91726C623E000AA1CB3 /* RideChecker */ = {
			isa = PBXNativeTarget;
			buildConfigurationList = F038C92C26C623E500AA1CB3 /* Build configuration list for PBXNativeTarget "RideChecker" */;
			buildPhases = (
				F038C91426C623E000AA1CB3 /* Sources */,
				F038C91526C623E000AA1CB3 /* Frameworks */,
				F038C91626C623E000AA1CB3 /* Resources */,
			);
			buildRules = (
			);
			dependencies = (
			);
			name = RideChecker;
			productName = RideChecker;
			productReference = F038C91826C623E000AA1CB3 /* RideChecker.app */;
			productType = "com.apple.product-type.application";
		};
/* End PBXNativeTarget section */

/* Begin PBXProject section */
		F038C91026C623E000AA1CB3 /* Project object */ = {
			isa = PBXProject;
			attributes = {
				LastSwiftUpdateCheck = 1240;
				LastUpgradeCheck = 1240;
				TargetAttributes = {
					F038C91726C623E000AA1CB3 = {
						CreatedOnToolsVersion = 12.4;
					};
				};
			};
			buildConfigurationList = F038C91326C623E000AA1CB3 /* Build configuration list for PBXProject "RideChecker" */;
			compatibilityVersion = "Xcode 9.3";
			developmentRegion = en;
			hasScannedForEncodings = 0;
			knownRegions = (
				en,
				Base,
			);
			mainGroup = F038C90F26C623E000AA1CB3;
			productRefGroup = F038C91926C623E000AA1CB3 /* Products */;
			projectDirPath = "";
			projectRoot = "";
			targets = (
				F038C91726C623E000AA1CB3 /* RideChecker */,
			);
		};
/* End PBXProject section */

/* Begin PBXResourcesBuildPhase section */
		F038C91626C623E000AA1CB3 /* Resources */ = {
			isa = PBXResourcesBuildPhase;
			buildActionMask = 2147483647;
			files = (
				F038C92826C623E500AA1CB3 /* LaunchScreen.storyboard in Resources */,
				F038C92526C623E500AA1CB3 /* Assets.xcassets in Resources */,
			);
			runOnlyForDeploymentPostprocessing = 0;
		};
/* End PBXResourcesBuildPhase section */

/* Begin PBXSourcesBuildPhase section */
		F038C91426C623E000AA1CB3 /* Sources */ = {
			isa = PBXSourcesBuildPhase;
			buildActionMask = 2147483647;
			files = (
				F038C91C26C623E000AA1CB3 /* AppDelegate.swift in Sources */,
				F02C370C26CC8DF90008836C /* AddressCell.swift in Sources */,
				F038C94026C631E800AA1CB3 /* DataManager.swift in Sources */,
				F039C91726CB678B00193D1C /* WayPointTableViewCell.swift in Sources */,
				F038C93326C6268100AA1CB3 /* RidesListViewController.swift in Sources */,
				F08CC32526C991D600DF5530 /* RideDetailsViewController.swift in Sources */,
				F08CC32226C991B900DF5530 /* RideDetailsView.swift in Sources */,
				F038C94726C63CC800AA1CB3 /* StringExtensions.swift in Sources */,
				F08CC31226C83B7F00DF5530 /* RidesListView.swift in Sources */,
				F039C91A26CB6AE400193D1C /* UIView+Extension.swift in Sources */,
				F08CC31626C8428300DF5530 /* RidesTableViewCell.swift in Sources */,
				F038C94326C6330300AA1CB3 /* RidesDataModel.swift in Sources */,
				F038C91E26C623E000AA1CB3 /* SceneDelegate.swift in Sources */,
				F038C93B26C62E3C00AA1CB3 /* RideCheckerApiClient.swift in Sources */,
				F08CC31B26C84CF500DF5530 /* RidesTableViewHeaderView.swift in Sources */,
			);
			runOnlyForDeploymentPostprocessing = 0;
		};
/* End PBXSourcesBuildPhase section */

/* Begin PBXVariantGroup section */
		F038C92626C623E500AA1CB3 /* LaunchScreen.storyboard */ = {
			isa = PBXVariantGroup;
			children = (
				F038C92726C623E500AA1CB3 /* Base */,
			);
			name = LaunchScreen.storyboard;
			sourceTree = "<group>";
		};
/* End PBXVariantGroup section */

/* Begin XCBuildConfiguration section */
		F038C92A26C623E500AA1CB3 /* Debug */ = {
			isa = XCBuildConfiguration;
			buildSettings = {
				ALWAYS_SEARCH_USER_PATHS = NO;
				CLANG_ANALYZER_NONNULL = YES;
				CLANG_ANALYZER_NUMBER_OBJECT_CONVERSION = YES_AGGRESSIVE;
				CLANG_CXX_LANGUAGE_STANDARD = "gnu++14";
				CLANG_CXX_LIBRARY = "libc++";
				CLANG_ENABLE_MODULES = YES;
				CLANG_ENABLE_OBJC_ARC = YES;
				CLANG_ENABLE_OBJC_WEAK = YES;
				CLANG_WARN_BLOCK_CAPTURE_AUTORELEASING = YES;
				CLANG_WARN_BOOL_CONVERSION = YES;
				CLANG_WARN_COMMA = YES;
				CLANG_WARN_CONSTANT_CONVERSION = YES;
				CLANG_WARN_DEPRECATED_OBJC_IMPLEMENTATIONS = YES;
				CLANG_WARN_DIRECT_OBJC_ISA_USAGE = YES_ERROR;
				CLANG_WARN_DOCUMENTATION_COMMENTS = YES;
				CLANG_WARN_EMPTY_BODY = YES;
				CLANG_WARN_ENUM_CONVERSION = YES;
				CLANG_WARN_INFINITE_RECURSION = YES;
				CLANG_WARN_INT_CONVERSION = YES;
				CLANG_WARN_NON_LITERAL_NULL_CONVERSION = YES;
				CLANG_WARN_OBJC_IMPLICIT_RETAIN_SELF = YES;
				CLANG_WARN_OBJC_LITERAL_CONVERSION = YES;
				CLANG_WARN_OBJC_ROOT_CLASS = YES_ERROR;
				CLANG_WARN_QUOTED_INCLUDE_IN_FRAMEWORK_HEADER = YES;
				CLANG_WARN_RANGE_LOOP_ANALYSIS = YES;
				CLANG_WARN_STRICT_PROTOTYPES = YES;
				CLANG_WARN_SUSPICIOUS_MOVE = YES;
				CLANG_WARN_UNGUARDED_AVAILABILITY = YES_AGGRESSIVE;
				CLANG_WARN_UNREACHABLE_CODE = YES;
				CLANG_WARN__DUPLICATE_METHOD_MATCH = YES;
				COPY_PHASE_STRIP = NO;
				DEBUG_INFORMATION_FORMAT = dwarf;
				ENABLE_STRICT_OBJC_MSGSEND = YES;
				ENABLE_TESTABILITY = YES;
				GCC_C_LANGUAGE_STANDARD = gnu11;
				GCC_DYNAMIC_NO_PIC = NO;
				GCC_NO_COMMON_BLOCKS = YES;
				GCC_OPTIMIZATION_LEVEL = 0;
				GCC_PREPROCESSOR_DEFINITIONS = (
					"DEBUG=1",
					"$(inherited)",
				);
				GCC_WARN_64_TO_32_BIT_CONVERSION = YES;
				GCC_WARN_ABOUT_RETURN_TYPE = YES_ERROR;
				GCC_WARN_UNDECLARED_SELECTOR = YES;
				GCC_WARN_UNINITIALIZED_AUTOS = YES_AGGRESSIVE;
				GCC_WARN_UNUSED_FUNCTION = YES;
				GCC_WARN_UNUSED_VARIABLE = YES;
				IPHONEOS_DEPLOYMENT_TARGET = 14.4;
				MTL_ENABLE_DEBUG_INFO = INCLUDE_SOURCE;
				MTL_FAST_MATH = YES;
				ONLY_ACTIVE_ARCH = YES;
				SDKROOT = iphoneos;
				SWIFT_ACTIVE_COMPILATION_CONDITIONS = DEBUG;
				SWIFT_OPTIMIZATION_LEVEL = "-Onone";
			};
			name = Debug;
		};
		F038C92B26C623E500AA1CB3 /* Release */ = {
			isa = XCBuildConfiguration;
			buildSettings = {
				ALWAYS_SEARCH_USER_PATHS = NO;
				CLANG_ANALYZER_NONNULL = YES;
				CLANG_ANALYZER_NUMBER_OBJECT_CONVERSION = YES_AGGRESSIVE;
				CLANG_CXX_LANGUAGE_STANDARD = "gnu++14";
				CLANG_CXX_LIBRARY = "libc++";
				CLANG_ENABLE_MODULES = YES;
				CLANG_ENABLE_OBJC_ARC = YES;
				CLANG_ENABLE_OBJC_WEAK = YES;
				CLANG_WARN_BLOCK_CAPTURE_AUTORELEASING = YES;
				CLANG_WARN_BOOL_CONVERSION = YES;
				CLANG_WARN_COMMA = YES;
				CLANG_WARN_CONSTANT_CONVERSION = YES;
				CLANG_WARN_DEPRECATED_OBJC_IMPLEMENTATIONS = YES;
				CLANG_WARN_DIRECT_OBJC_ISA_USAGE = YES_ERROR;
				CLANG_WARN_DOCUMENTATION_COMMENTS = YES;
				CLANG_WARN_EMPTY_BODY = YES;
				CLANG_WARN_ENUM_CONVERSION = YES;
				CLANG_WARN_INFINITE_RECURSION = YES;
				CLANG_WARN_INT_CONVERSION = YES;
				CLANG_WARN_NON_LITERAL_NULL_CONVERSION = YES;
				CLANG_WARN_OBJC_IMPLICIT_RETAIN_SELF = YES;
				CLANG_WARN_OBJC_LITERAL_CONVERSION = YES;
				CLANG_WARN_OBJC_ROOT_CLASS = YES_ERROR;
				CLANG_WARN_QUOTED_INCLUDE_IN_FRAMEWORK_HEADER = YES;
				CLANG_WARN_RANGE_LOOP_ANALYSIS = YES;
				CLANG_WARN_STRICT_PROTOTYPES = YES;
				CLANG_WARN_SUSPICIOUS_MOVE = YES;
				CLANG_WARN_UNGUARDED_AVAILABILITY = YES_AGGRESSIVE;
				CLANG_WARN_UNREACHABLE_CODE = YES;
				CLANG_WARN__DUPLICATE_METHOD_MATCH = YES;
				COPY_PHASE_STRIP = NO;
				DEBUG_INFORMATION_FORMAT = "dwarf-with-dsym";
				ENABLE_NS_ASSERTIONS = NO;
				ENABLE_STRICT_OBJC_MSGSEND = YES;
				GCC_C_LANGUAGE_STANDARD = gnu11;
				GCC_NO_COMMON_BLOCKS = YES;
				GCC_WARN_64_TO_32_BIT_CONVERSION = YES;
				GCC_WARN_ABOUT_RETURN_TYPE = YES_ERROR;
				GCC_WARN_UNDECLARED_SELECTOR = YES;
				GCC_WARN_UNINITIALIZED_AUTOS = YES_AGGRESSIVE;
				GCC_WARN_UNUSED_FUNCTION = YES;
				GCC_WARN_UNUSED_VARIABLE = YES;
				IPHONEOS_DEPLOYMENT_TARGET = 14.4;
				MTL_ENABLE_DEBUG_INFO = NO;
				MTL_FAST_MATH = YES;
				SDKROOT = iphoneos;
				SWIFT_COMPILATION_MODE = wholemodule;
				SWIFT_OPTIMIZATION_LEVEL = "-O";
				VALIDATE_PRODUCT = YES;
			};
			name = Release;
		};
		F038C92D26C623E500AA1CB3 /* Debug */ = {
			isa = XCBuildConfiguration;
			buildSettings = {
				ASSETCATALOG_COMPILER_APPICON_NAME = AppIcon;
				ASSETCATALOG_COMPILER_GLOBAL_ACCENT_COLOR_NAME = AccentColor;
				CODE_SIGN_STYLE = Automatic;
				DEVELOPMENT_TEAM = UH2T9CNZR9;
				INFOPLIST_FILE = RideChecker/Info.plist;
				LD_RUNPATH_SEARCH_PATHS = (
					"$(inherited)",
					"@executable_path/Frameworks",
				);
				PRODUCT_BUNDLE_IDENTIFIER = com.raymondDonkemezuo.RideChecker;
				PRODUCT_NAME = "$(TARGET_NAME)";
				SWIFT_VERSION = 5.0;
				TARGETED_DEVICE_FAMILY = "1,2";
			};
			name = Debug;
		};
		F038C92E26C623E500AA1CB3 /* Release */ = {
			isa = XCBuildConfiguration;
			buildSettings = {
				ASSETCATALOG_COMPILER_APPICON_NAME = AppIcon;
				ASSETCATALOG_COMPILER_GLOBAL_ACCENT_COLOR_NAME = AccentColor;
				CODE_SIGN_STYLE = Automatic;
				DEVELOPMENT_TEAM = UH2T9CNZR9;
				INFOPLIST_FILE = RideChecker/Info.plist;
				LD_RUNPATH_SEARCH_PATHS = (
					"$(inherited)",
					"@executable_path/Frameworks",
				);
				PRODUCT_BUNDLE_IDENTIFIER = com.raymondDonkemezuo.RideChecker;
				PRODUCT_NAME = "$(TARGET_NAME)";
				SWIFT_VERSION = 5.0;
				TARGETED_DEVICE_FAMILY = "1,2";
			};
			name = Release;
		};
/* End XCBuildConfiguration section */

/* Begin XCConfigurationList section */
		F038C91326C623E000AA1CB3 /* Build configuration list for PBXProject "RideChecker" */ = {
			isa = XCConfigurationList;
			buildConfigurations = (
				F038C92A26C623E500AA1CB3 /* Debug */,
				F038C92B26C623E500AA1CB3 /* Release */,
			);
			defaultConfigurationIsVisible = 0;
			defaultConfigurationName = Release;
		};
		F038C92C26C623E500AA1CB3 /* Build configuration list for PBXNativeTarget "RideChecker" */ = {
			isa = XCConfigurationList;
			buildConfigurations = (
				F038C92D26C623E500AA1CB3 /* Debug */,
				F038C92E26C623E500AA1CB3 /* Release */,
			);
			defaultConfigurationIsVisible = 0;
			defaultConfigurationName = Release;
		};
/* End XCConfigurationList section */
	};
	rootObject = F038C91026C623E000AA1CB3 /* Project object */;
}
